
Microsoft Visual Studio Solution File, Format Version 12.00
# Visual Studio Version 16
VisualStudioVersion = 16.0.31129.286
MinimumVisualStudioVersion = 10.0.40219.1
Project("{FAE04EC0-301F-11D3-BF4B-00C04F79EFBC}") = "WindowsLocker", "WindowsLocker.csproj", "{B1E620C0-9981-4967-B994-03942C266617}"
EndProject
Global
	GlobalSection(SolutionConfigurationPlatforms) = preSolution
		Debug|Any CPU = Debug|Any CPU
		Release|Any CPU = Release|Any CPU
	EndGlobalSection
	GlobalSection(ProjectConfigurationPlatforms) = postSolution
		{B1E620C0-9981-4967-B994-03942C266617}.Debug|Any CPU.ActiveCfg = Debug|Any CPU
		{B1E620C0-9981-4967-B994-03942C266617}.Debug|Any CPU.Build.0 = Debug|Any CPU
		{B1E620C0-9981-4967-B994-03942C266617}.Release|Any CPU.ActiveCfg = Release|Any CPU
		{B1E620C0-9981-4967-B994-03942C266617}.Release|Any CPU.Build.0 = Release|Any CPU
	EndGlobalSection
	GlobalSection(SolutionProperties) = preSolution
		HideSolutionNode = FALSE
	EndGlobalSection
	GlobalSection(ExtensibilityGlobals) = postSolution
		SolutionGuid = {42CB9681-F21D-40B5-8970-033B1833BF56}
	EndGlobalSection
EndGlobal
